
Microsoft Visual Studio Solution File, Format Version 11.00
# Visual C++ Express 2010
Project("{8BC9CEB8-8B4A-11D0-8D11-00A0C91BC942}") = "Producer-Consumer Problem", "Producer-Consumer Problem\Producer-Consumer Problem.vcxproj", "{AABB05D9-3ECD-4AE6-ADE5-782EF22FE195}"
EndProject
Global
	GlobalSection(SolutionConfigurationPlatforms) = preSolution
		Debug|Win32 = Debug|Win32
		Release|Win32 = Release|Win32
	EndGlobalSection
	GlobalSection(ProjectConfigurationPlatforms) = postSolution
		{AABB05D9-3ECD-4AE6-ADE5-782EF22FE195}.Debug|Win32.ActiveCfg = Debug|Win32
		{AABB05D9-3ECD-4AE6-ADE5-782EF22FE195}.Debug|Win32.Build.0 = Debug|Win32
		{AABB05D9-3ECD-4AE6-ADE5-782EF22FE195}.Release|Win32.ActiveCfg = Release|Win32
		{AABB05D9-3ECD-4AE6-ADE5-782EF22FE195}.Release|Win32.Build.0 = Release|Win32
	EndGlobalSection
	GlobalSection(SolutionProperties) = preSolution
		HideSolutionNode = FALSE
	EndGlobalSection
EndGlobal
